
Microsoft Visual Studio Solution File, Format Version 12.00
# Visual Studio 15
VisualStudioVersion = 15.0.27130.2036
MinimumVisualStudioVersion = 10.0.40219.1
Project("{FAE04EC0-301F-11D3-BF4B-00C04F79EFBC}") = "ContactListXamarin", "ContactListXamarin\ContactListXamarin.csproj", "{E1F09E32-B61D-4D41-817D-009C9ABE468C}"
EndProject
Global
	GlobalSection(SolutionConfigurationPlatforms) = preSolution
		Debug|Any CPU = Debug|Any CPU
		Release|Any CPU = Release|Any CPU
	EndGlobalSection
	GlobalSection(ProjectConfigurationPlatforms) = postSolution
		{E1F09E32-B61D-4D41-817D-009C9ABE468C}.Debug|Any CPU.ActiveCfg = Debug|Any CPU
		{E1F09E32-B61D-4D41-817D-009C9ABE468C}.Debug|Any CPU.Build.0 = Debug|Any CPU
		{E1F09E32-B61D-4D41-817D-009C9ABE468C}.Debug|Any CPU.Deploy.0 = Debug|Any CPU
		{E1F09E32-B61D-4D41-817D-009C9ABE468C}.Release|Any CPU.ActiveCfg = Release|Any CPU
		{E1F09E32-B61D-4D41-817D-009C9ABE468C}.Release|Any CPU.Build.0 = Release|Any CPU
		{E1F09E32-B61D-4D41-817D-009C9ABE468C}.Release|Any CPU.Deploy.0 = Release|Any CPU
	EndGlobalSection
	GlobalSection(SolutionProperties) = preSolution
		HideSolutionNode = FALSE
	EndGlobalSection
	GlobalSection(ExtensibilityGlobals) = postSolution
		SolutionGuid = {8781850A-7987-4355-B679-B5B14F460910}
	EndGlobalSection
	GlobalSection(MonoDevelopProperties) = preSolution
		StartupItem = ContactListXamarin\ContactListXamarin.csproj
	EndGlobalSection
EndGlobal
